{
  "requires": true,
  "lockfileVersion": 1,
  "dependencies": {
    "vanillajs-scrollspy": {
      "version": "2.0.3",
      "resolved": "https://registry.npmjs.org/vanillajs-scrollspy/-/vanillajs-scrollspy-2.0.3.tgz",
      "integrity": "sha512-LhliY3E/XOJFlEl0LKetpFYU/Tmm3xCxlDX57A7jgFWsmmZ3wTW5iOSyOdwKD7AmrJtRjlB/jWIl5VKrAXh1VQ=="
    }
  }
}
